
Microsoft Visual Studio Solution File, Format Version 12.00
# Visual Studio Version 17
VisualStudioVersion = 17.11.35312.102
MinimumVisualStudioVersion = 10.0.40219.1
Project("{FAE04EC0-301F-11D3-BF4B-00C04F79EFBC}") = "snelste atleet", "snelste atleet\snelste atleet.csproj", "{11FAF773-1C8C-4ACD-ADE8-37E7C954F50A}"
EndProject
Global
	GlobalSection(SolutionConfigurationPlatforms) = preSolution
		Debug|Any CPU = Debug|Any CPU
		Release|Any CPU = Release|Any CPU
	EndGlobalSection
	GlobalSection(ProjectConfigurationPlatforms) = postSolution
		{11FAF773-1C8C-4ACD-ADE8-37E7C954F50A}.Debug|Any CPU.ActiveCfg = Debug|Any CPU
		{11FAF773-1C8C-4ACD-ADE8-37E7C954F50A}.Debug|Any CPU.Build.0 = Debug|Any CPU
		{11FAF773-1C8C-4ACD-ADE8-37E7C954F50A}.Release|Any CPU.ActiveCfg = Release|Any CPU
		{11FAF773-1C8C-4ACD-ADE8-37E7C954F50A}.Release|Any CPU.Build.0 = Release|Any CPU
	EndGlobalSection
	GlobalSection(SolutionProperties) = preSolution
		HideSolutionNode = FALSE
	EndGlobalSection
	GlobalSection(ExtensibilityGlobals) = postSolution
		SolutionGuid = {DD9B14DC-45E9-452F-8F86-DB5DD5FB26ED}
	EndGlobalSection
EndGlobal
